
Microsoft Visual Studio Solution File, Format Version 12.00
# Visual Studio Version 17
VisualStudioVersion = 17.0.31903.59
MinimumVisualStudioVersion = 10.0.40219.1
Project("{FAE04EC0-301F-11D3-BF4B-00C04F79EFBC}") = "DataRetrieval.Client", "DataRetrieval.Client\DataRetrieval.Client.csproj", "{B7DAA365-D216-43B8-963F-0A7F37442A9D}"
EndProject
Project("{FAE04EC0-301F-11D3-BF4B-00C04F79EFBC}") = "DataRetrieval.Administrator", "DataRetrieval.Administrator\DataRetrieval.Administrator.csproj", "{4C4D7924-BB36-4427-83F8-BFDBF501C397}"
EndProject
Project("{FAE04EC0-301F-11D3-BF4B-00C04F79EFBC}") = "DataRetrieval.Tests", "DataRetrieval.Tests\DataRetrieval.Tests.csproj", "{0C8B76A1-5586-4578-A05F-3B8C509CA407}"
EndProject
Global
	GlobalSection(SolutionConfigurationPlatforms) = preSolution
		Debug|Any CPU = Debug|Any CPU
		Release|Any CPU = Release|Any CPU
	EndGlobalSection
	GlobalSection(SolutionProperties) = preSolution
		HideSolutionNode = FALSE
	EndGlobalSection
	GlobalSection(ProjectConfigurationPlatforms) = postSolution
		{B7DAA365-D216-43B8-963F-0A7F37442A9D}.Debug|Any CPU.ActiveCfg = Debug|Any CPU
		{B7DAA365-D216-43B8-963F-0A7F37442A9D}.Debug|Any CPU.Build.0 = Debug|Any CPU
		{B7DAA365-D216-43B8-963F-0A7F37442A9D}.Release|Any CPU.ActiveCfg = Release|Any CPU
		{B7DAA365-D216-43B8-963F-0A7F37442A9D}.Release|Any CPU.Build.0 = Release|Any CPU
		{4C4D7924-BB36-4427-83F8-BFDBF501C397}.Debug|Any CPU.ActiveCfg = Debug|Any CPU
		{4C4D7924-BB36-4427-83F8-BFDBF501C397}.Debug|Any CPU.Build.0 = Debug|Any CPU
		{4C4D7924-BB36-4427-83F8-BFDBF501C397}.Release|Any CPU.ActiveCfg = Release|Any CPU
		{4C4D7924-BB36-4427-83F8-BFDBF501C397}.Release|Any CPU.Build.0 = Release|Any CPU
		{0C8B76A1-5586-4578-A05F-3B8C509CA407}.Debug|Any CPU.ActiveCfg = Debug|Any CPU
		{0C8B76A1-5586-4578-A05F-3B8C509CA407}.Debug|Any CPU.Build.0 = Debug|Any CPU
		{0C8B76A1-5586-4578-A05F-3B8C509CA407}.Release|Any CPU.ActiveCfg = Release|Any CPU
		{0C8B76A1-5586-4578-A05F-3B8C509CA407}.Release|Any CPU.Build.0 = Release|Any CPU
	EndGlobalSection
EndGlobal
